
Microsoft Visual Studio Solution File, Format Version 12.00
# Visual Studio 2013
VisualStudioVersion = 12.0.31101.0
MinimumVisualStudioVersion = 10.0.40219.1
Project("{FAE04EC0-301F-11D3-BF4B-00C04F79EFBC}") = "clock", "clock\clock.csproj", "{0C3CCA41-7534-47F2-B9D4-05AEF030E9F9}"
EndProject
Project("{FAE04EC0-301F-11D3-BF4B-00C04F79EFBC}") = "demo", "demo\demo.csproj", "{CDA84ACF-672A-4A74-9B10-72382DF4D444}"
EndProject
Global
	GlobalSection(SolutionConfigurationPlatforms) = preSolution
		Debug|Any CPU = Debug|Any CPU
		Release|Any CPU = Release|Any CPU
	EndGlobalSection
	GlobalSection(ProjectConfigurationPlatforms) = postSolution
		{0C3CCA41-7534-47F2-B9D4-05AEF030E9F9}.Debug|Any CPU.ActiveCfg = Debug|Any CPU
		{0C3CCA41-7534-47F2-B9D4-05AEF030E9F9}.Debug|Any CPU.Build.0 = Debug|Any CPU
		{0C3CCA41-7534-47F2-B9D4-05AEF030E9F9}.Release|Any CPU.ActiveCfg = Release|Any CPU
		{0C3CCA41-7534-47F2-B9D4-05AEF030E9F9}.Release|Any CPU.Build.0 = Release|Any CPU
		{CDA84ACF-672A-4A74-9B10-72382DF4D444}.Debug|Any CPU.ActiveCfg = Debug|Any CPU
		{CDA84ACF-672A-4A74-9B10-72382DF4D444}.Debug|Any CPU.Build.0 = Debug|Any CPU
		{CDA84ACF-672A-4A74-9B10-72382DF4D444}.Release|Any CPU.ActiveCfg = Release|Any CPU
		{CDA84ACF-672A-4A74-9B10-72382DF4D444}.Release|Any CPU.Build.0 = Release|Any CPU
	EndGlobalSection
	GlobalSection(SolutionProperties) = preSolution
		HideSolutionNode = FALSE
	EndGlobalSection
EndGlobal
